
Microsoft Visual Studio Solution File, Format Version 12.00
# Visual Studio Version 16
VisualStudioVersion = 16.0.31729.503
MinimumVisualStudioVersion = 10.0.40219.1
Project("{FAE04EC0-301F-11D3-BF4B-00C04F79EFBC}") = "decimal to binary", "decimal to binary\decimal to binary.csproj", "{FFBFDE00-A0BD-4F54-8BBA-0431A5A70E1D}"
EndProject
Global
	GlobalSection(SolutionConfigurationPlatforms) = preSolution
		Debug|Any CPU = Debug|Any CPU
		Release|Any CPU = Release|Any CPU
	EndGlobalSection
	GlobalSection(ProjectConfigurationPlatforms) = postSolution
		{FFBFDE00-A0BD-4F54-8BBA-0431A5A70E1D}.Debug|Any CPU.ActiveCfg = Debug|Any CPU
		{FFBFDE00-A0BD-4F54-8BBA-0431A5A70E1D}.Debug|Any CPU.Build.0 = Debug|Any CPU
		{FFBFDE00-A0BD-4F54-8BBA-0431A5A70E1D}.Release|Any CPU.ActiveCfg = Release|Any CPU
		{FFBFDE00-A0BD-4F54-8BBA-0431A5A70E1D}.Release|Any CPU.Build.0 = Release|Any CPU
	EndGlobalSection
	GlobalSection(SolutionProperties) = preSolution
		HideSolutionNode = FALSE
	EndGlobalSection
	GlobalSection(ExtensibilityGlobals) = postSolution
		SolutionGuid = {1469783F-7E26-4913-8310-072ACFDA24B9}
	EndGlobalSection
EndGlobal
